
Microsoft Visual Studio Solution File, Format Version 12.00
Project("{FAE04EC0-301F-11D3-BF4B-00C04F79EFBC}") = "WebApi2", "WebApi2\WebApi2.csproj", "{776A6AAD-9D23-4802-A1DB-4470E67182B0}"
EndProject
Project("{FAE04EC0-301F-11D3-BF4B-00C04F79EFBC}") = "WebApp_mvc", "WebApp_mvc\WebApp_mvc.csproj", "{A175C2B0-4CE8-457B-B33A-247D00962BBA}"
EndProject
Global
	GlobalSection(SolutionConfigurationPlatforms) = preSolution
		Debug|Any CPU = Debug|Any CPU
		Release|Any CPU = Release|Any CPU
	EndGlobalSection
	GlobalSection(ProjectConfigurationPlatforms) = postSolution
		{776A6AAD-9D23-4802-A1DB-4470E67182B0}.Debug|Any CPU.ActiveCfg = Debug|Any CPU
		{776A6AAD-9D23-4802-A1DB-4470E67182B0}.Debug|Any CPU.Build.0 = Debug|Any CPU
		{776A6AAD-9D23-4802-A1DB-4470E67182B0}.Release|Any CPU.ActiveCfg = Release|Any CPU
		{776A6AAD-9D23-4802-A1DB-4470E67182B0}.Release|Any CPU.Build.0 = Release|Any CPU
		{A175C2B0-4CE8-457B-B33A-247D00962BBA}.Debug|Any CPU.ActiveCfg = Debug|Any CPU
		{A175C2B0-4CE8-457B-B33A-247D00962BBA}.Debug|Any CPU.Build.0 = Debug|Any CPU
		{A175C2B0-4CE8-457B-B33A-247D00962BBA}.Release|Any CPU.ActiveCfg = Release|Any CPU
		{A175C2B0-4CE8-457B-B33A-247D00962BBA}.Release|Any CPU.Build.0 = Release|Any CPU
	EndGlobalSection
EndGlobal
